
Microsoft Visual Studio Solution File, Format Version 12.00
# Visual Studio Version 16
VisualStudioVersion = 16.0.29509.3
MinimumVisualStudioVersion = 10.0.40219.1
Project("{9A19103F-16F7-4668-BE54-9A1E7A4F7556}") = "BlazorApp1.Server", "BlazorApp1\Server\BlazorApp1.Server.csproj", "{FFAFAEE2-99EC-46C0-91DA-28DF33B5755F}"
EndProject
Project("{9A19103F-16F7-4668-BE54-9A1E7A4F7556}") = "BlazorApp1.Client", "BlazorApp1\Client\BlazorApp1.Client.csproj", "{1D7A6F71-29AC-4C8F-AB19-3D0B7DA7CC4C}"
EndProject
Project("{9A19103F-16F7-4668-BE54-9A1E7A4F7556}") = "BlazorApp1.Shared", "BlazorApp1\Shared\BlazorApp1.Shared.csproj", "{EDBAAA19-D058-4955-9C31-63461113B4DB}"
EndProject
Global
	GlobalSection(SolutionConfigurationPlatforms) = preSolution
		Debug|Any CPU = Debug|Any CPU
		Release|Any CPU = Release|Any CPU
	EndGlobalSection
	GlobalSection(ProjectConfigurationPlatforms) = postSolution
		{FFAFAEE2-99EC-46C0-91DA-28DF33B5755F}.Debug|Any CPU.ActiveCfg = Debug|Any CPU
		{FFAFAEE2-99EC-46C0-91DA-28DF33B5755F}.Debug|Any CPU.Build.0 = Debug|Any CPU
		{FFAFAEE2-99EC-46C0-91DA-28DF33B5755F}.Release|Any CPU.ActiveCfg = Release|Any CPU
		{FFAFAEE2-99EC-46C0-91DA-28DF33B5755F}.Release|Any CPU.Build.0 = Release|Any CPU
		{1D7A6F71-29AC-4C8F-AB19-3D0B7DA7CC4C}.Debug|Any CPU.ActiveCfg = Debug|Any CPU
		{1D7A6F71-29AC-4C8F-AB19-3D0B7DA7CC4C}.Debug|Any CPU.Build.0 = Debug|Any CPU
		{1D7A6F71-29AC-4C8F-AB19-3D0B7DA7CC4C}.Release|Any CPU.ActiveCfg = Release|Any CPU
		{1D7A6F71-29AC-4C8F-AB19-3D0B7DA7CC4C}.Release|Any CPU.Build.0 = Release|Any CPU
		{EDBAAA19-D058-4955-9C31-63461113B4DB}.Debug|Any CPU.ActiveCfg = Debug|Any CPU
		{EDBAAA19-D058-4955-9C31-63461113B4DB}.Debug|Any CPU.Build.0 = Debug|Any CPU
		{EDBAAA19-D058-4955-9C31-63461113B4DB}.Release|Any CPU.ActiveCfg = Release|Any CPU
		{EDBAAA19-D058-4955-9C31-63461113B4DB}.Release|Any CPU.Build.0 = Release|Any CPU
	EndGlobalSection
	GlobalSection(SolutionProperties) = preSolution
		HideSolutionNode = FALSE
	EndGlobalSection
	GlobalSection(ExtensibilityGlobals) = postSolution
		SolutionGuid = {CE1BA153-D770-42E6-A148-30ABDF85120D}
	EndGlobalSection
EndGlobal
